
Microsoft Visual Studio Solution File, Format Version 12.00
# Visual Studio 15
VisualStudioVersion = 15.0.27428.2011
MinimumVisualStudioVersion = 10.0.40219.1
Project("{8BC9CEB8-8B4A-11D0-8D11-00A0C91BC942}") = "Engine_Trial", "Engine_Trial\Engine_Trial.vcxproj", "{24DF7A32-07D3-4047-B423-A6394DC866A2}"
EndProject
Global
	GlobalSection(SolutionConfigurationPlatforms) = preSolution
		Debug|x64 = Debug|x64
		Debug|x86 = Debug|x86
		Release|x64 = Release|x64
		Release|x86 = Release|x86
	EndGlobalSection
	GlobalSection(ProjectConfigurationPlatforms) = postSolution
		{24DF7A32-07D3-4047-B423-A6394DC866A2}.Debug|x64.ActiveCfg = Debug|x64
		{24DF7A32-07D3-4047-B423-A6394DC866A2}.Debug|x64.Build.0 = Debug|x64
		{24DF7A32-07D3-4047-B423-A6394DC866A2}.Debug|x86.ActiveCfg = Debug|Win32
		{24DF7A32-07D3-4047-B423-A6394DC866A2}.Debug|x86.Build.0 = Debug|Win32
		{24DF7A32-07D3-4047-B423-A6394DC866A2}.Release|x64.ActiveCfg = Release|x64
		{24DF7A32-07D3-4047-B423-A6394DC866A2}.Release|x64.Build.0 = Release|x64
		{24DF7A32-07D3-4047-B423-A6394DC866A2}.Release|x86.ActiveCfg = Release|Win32
		{24DF7A32-07D3-4047-B423-A6394DC866A2}.Release|x86.Build.0 = Release|Win32
	EndGlobalSection
	GlobalSection(SolutionProperties) = preSolution
		HideSolutionNode = FALSE
	EndGlobalSection
	GlobalSection(ExtensibilityGlobals) = postSolution
		SolutionGuid = {92D0F2B6-3F74-47EF-9A66-F24146AA5D1C}
	EndGlobalSection
EndGlobal
